@@ -9,6 +9,8 @@ PODS:
    - Reachability
  - connectivity_macos (0.0.1):
    - Flutter
  - device_apps (0.0.1):
    - Flutter
  - Firebase/Analytics (6.23.0):
    - Firebase/Core
  - Firebase/Auth (6.23.0):
@ -118,6 +120,10 @@ PODS:
    - GTMSessionFetcher/Core (= 1.4.0)
  - image_picker (0.0.1):
    - Flutter
  - location (0.0.1):
    - Flutter
  - location_web (0.0.1):
    - Flutter
  - nanopb (0.3.9011):
    - nanopb/decode (= 0.3.9011)
    - nanopb/encode (= 0.3.9011)
@ -139,6 +145,7 @@ PODS:
DEPENDENCIES:
  - connectivity (from `.symlinks/plugins/connectivity/ios`)
  - connectivity_macos (from `.symlinks/plugins/connectivity_macos/ios`)
  - device_apps (from `.symlinks/plugins/device_apps/ios`)
  - firebase_analytics (from `.symlinks/plugins/firebase_analytics/ios`)
  - firebase_auth (from `.symlinks/plugins/firebase_auth/ios`)
  - firebase_core (from `.symlinks/plugins/firebase_core/ios`)
@ -149,6 +156,8 @@ DEPENDENCIES:
  - google_sign_in (from `.symlinks/plugins/google_sign_in/ios`)
  - google_sign_in_web (from `.symlinks/plugins/google_sign_in_web/ios`)
  - image_picker (from `.symlinks/plugins/image_picker/ios`)
  - location (from `.symlinks/plugins/location/ios`)
  - location_web (from `.symlinks/plugins/location_web/ios`)
  - path_provider (from `.symlinks/plugins/path_provider/ios`)
  - path_provider_macos (from `.symlinks/plugins/path_provider_macos/ios`)
  - url_launcher (from `.symlinks/plugins/url_launcher/ios`)
@ -182,6 +191,8 @@ EXTERNAL SOURCES:
    :path: ".symlinks/plugins/connectivity/ios"
  connectivity_macos:
    :path: ".symlinks/plugins/connectivity_macos/ios"
  device_apps:
    :path: ".symlinks/plugins/device_apps/ios"
  firebase_analytics:
    :path: ".symlinks/plugins/firebase_analytics/ios"
  firebase_auth:
@ -202,6 +213,10 @@ EXTERNAL SOURCES:
    :path: ".symlinks/plugins/google_sign_in_web/ios"
  image_picker:
    :path: ".symlinks/plugins/image_picker/ios"
  location:
    :path: ".symlinks/plugins/location/ios"
  location_web:
    :path: ".symlinks/plugins/location_web/ios"
  path_provider:
    :path: ".symlinks/plugins/path_provider/ios"
  path_provider_macos:
@ -217,6 +232,7 @@ SPEC CHECKSUMS:
  AppAuth: 73574f3013a1e65b9601a3ddc8b3158cce68c09d
  connectivity: 6e94255659cc86dcbef1d452ad3e0491bb1b3e75
  connectivity_macos: e2e9731b6b22dda39eb1b128f6969d574460e191
  device_apps: 099590c646da044f7f410fef63229fc0aedb35a8
  Firebase: 585ae467b3edda6a5444e788fda6888f024d8d6f
  firebase_analytics: dacdcfc524d722fff13dcff942f0dfa47e6be567
  firebase_auth: d99b993c1405096e66c58211b1cd956c23eed1c5
@ -242,12 +258,14 @@ SPEC CHECKSUMS:
  GTMAppAuth: 4deac854479704f348309e7b66189e604cf5e01e
  GTMSessionFetcher: 6f5c8abbab8a9bce4bb3f057e317728ec6182b10
  image_picker: e3eacd46b94694dde7cf2705955cece853aa1a8f
  location: 3a2eed4dd2fab25e7b7baf2a9efefe82b512d740
  location_web: b94e7433cfe28c0f7c8923c2ee482824b32e55a7
  nanopb: 18003b5e52dab79db540fe93fe9579f399bd1ccd
  path_provider: abfe2b5c733d04e238b0d8691db0cfd63a27a93c
  path_provider_macos: f760a3c5b04357c380e2fddb6f9db6f3015897e0
  PromisesObjC: c119f3cd559f50b7ae681fa59dc1acd19173b7e6
  Reachability: 33e18b67625424e47b6cde6d202dce689ad7af96
  url_launcher: a1c0cc845906122c4784c542523d8cacbded5626
  url_launcher: 6fef411d543ceb26efce54b05a0a40bfd74cbbef
  url_launcher_macos: fd7894421cd39320dce5f292fc99ea9270b2a313
  url_launcher_web: e5527357f037c87560776e36436bf2b0288b965c
